{
    "name": "aiwf",
    "version": "0.3.24",
    "lockfileVersion": 3,
    "requires": true,
    "packages": {
        "": {
            "name": "aiwf",
            "version": "0.3.24",
            "license": "MIT",
            "bin": {
                "aiwf-spec": "src/cli/spec-cli.js"
            },
            "engines": {
                "node": ">=20.0.0"
            }
        }
    }
}
